// !$*UTF8*$!
{
	archiveVersion = 1;
	classes = {
	};
	objectVersion = 55;
	objects = {

/* Begin PBXBuildFile section */
		EF4BC91A28488776007DA6FF /* ThemesMemorizeApp.swift in Sources */ = {isa = PBXBuildFile; fileRef = EF4BC91928488776007DA6FF /* ThemesMemorizeApp.swift */; };
		EF4BC91E28488777007DA6FF /* Assets.xcassets in Resources */ = {isa = PBXBuildFile; fileRef = EF4BC91D28488777007DA6FF /* Assets.xcassets */; };
		EF4BC92128488777007DA6FF /* Preview Assets.xcassets in Resources */ = {isa = PBXBuildFile; fileRef = EF4BC92028488777007DA6FF /* Preview Assets.xcassets */; };
		EF4BC92C284887B5007DA6FF /* UIConstants.swift in Sources */ = {isa = PBXBuildFile; fileRef = EF4BC928284887B5007DA6FF /* UIConstants.swift */; };
		EF4BC92D284887B5007DA6FF /* UtilityExtensions.swift in Sources */ = {isa = PBXBuildFile; fileRef = EF4BC929284887B5007DA6FF /* UtilityExtensions.swift */; };
		EF4BC92E284887B5007DA6FF /* ColorExtensions.swift in Sources */ = {isa = PBXBuildFile; fileRef = EF4BC92A284887B5007DA6FF /* ColorExtensions.swift */; };
		EF4BC92F284887B5007DA6FF /* ViewExtensions.swift in Sources */ = {isa = PBXBuildFile; fileRef = EF4BC92B284887B5007DA6FF /* ViewExtensions.swift */; };
		EF4BC933284887CB007DA6FF /* MemoryGame.swift in Sources */ = {isa = PBXBuildFile; fileRef = EF4BC931284887CB007DA6FF /* MemoryGame.swift */; };
		EF4BC934284887CB007DA6FF /* GameTheme.swift in Sources */ = {isa = PBXBuildFile; fileRef = EF4BC932284887CB007DA6FF /* GameTheme.swift */; };
		EF4BC939284887F0007DA6FF /* Store.swift in Sources */ = {isa = PBXBuildFile; fileRef = EF4BC937284887F0007DA6FF /* Store.swift */; };
		EF4BC93A284887F0007DA6FF /* EmojiMemoryGame.swift in Sources */ = {isa = PBXBuildFile; fileRef = EF4BC938284887F0007DA6FF /* EmojiMemoryGame.swift */; };
		EF4BC93E2848880B007DA6FF /* AspectVGrid.swift in Sources */ = {isa = PBXBuildFile; fileRef = EF4BC93B2848880B007DA6FF /* AspectVGrid.swift */; };
		EF4BC93F2848880B007DA6FF /* ThemeChooserView.swift in Sources */ = {isa = PBXBuildFile; fileRef = EF4BC93C2848880B007DA6FF /* ThemeChooserView.swift */; };
		EF4BC9402848880B007DA6FF /* ThemeEditor.swift in Sources */ = {isa = PBXBuildFile; fileRef = EF4BC93D2848880B007DA6FF /* ThemeEditor.swift */; };
		EF4BC94228488831007DA6FF /* MemoryGameView.swift in Sources */ = {isa = PBXBuildFile; fileRef = EF4BC94128488831007DA6FF /* MemoryGameView.swift */; };
/* End PBXBuildFile section */

/* Begin PBXFileReference section */
		EF4BC91628488776007DA6FF /* ThemesMemorize.app */ = {isa = PBXFileReference; explicitFileType = wrapper.application; includeInIndex = 0; path = ThemesMemorize.app; sourceTree = BUILT_PRODUCTS_DIR; };
		EF4BC91928488776007DA6FF /* ThemesMemorizeApp.swift */ = {isa = PBXFileReference; lastKnownFileType = sourcecode.swift; path = ThemesMemorizeApp.swift; sourceTree = "<group>"; };
		EF4BC91D28488777007DA6FF /* Assets.xcassets */ = {isa = PBXFileReference; lastKnownFileType = folder.assetcatalog; path = Assets.xcassets; sourceTree = "<group>"; };
		EF4BC92028488777007DA6FF /* Preview Assets.xcassets */ = {isa = PBXFileReference; lastKnownFileType = folder.assetcatalog; path = "Preview Assets.xcassets"; sourceTree = "<group>"; };
		EF4BC928284887B5007DA6FF /* UIConstants.swift */ = {isa = PBXFileReference; fileEncoding = 4; lastKnownFileType = sourcecode.swift; path = UIConstants.swift; sourceTree = "<group>"; };
		EF4BC929284887B5007DA6FF /* UtilityExtensions.swift */ = {isa = PBXFileReference; fileEncoding = 4; lastKnownFileType = sourcecode.swift; path = UtilityExtensions.swift; sourceTree = "<group>"; };
		EF4BC92A284887B5007DA6FF /* ColorExtensions.swift */ = {isa = PBXFileReference; fileEncoding = 4; lastKnownFileType = sourcecode.swift; path = ColorExtensions.swift; sourceTree = "<group>"; };
		EF4BC92B284887B5007DA6FF /* ViewExtensions.swift */ = {isa = PBXFileReference; fileEncoding = 4; lastKnownFileType = sourcecode.swift; path = ViewExtensions.swift; sourceTree = "<group>"; };
		EF4BC931284887CB007DA6FF /* MemoryGame.swift */ = {isa = PBXFileReference; fileEncoding = 4; lastKnownFileType = sourcecode.swift; path = MemoryGame.swift; sourceTree = "<group>"; };
		EF4BC932284887CB007DA6FF /* GameTheme.swift */ = {isa = PBXFileReference; fileEncoding = 4; lastKnownFileType = sourcecode.swift; path = GameTheme.swift; sourceTree = "<group>"; };
		EF4BC937284887F0007DA6FF /* Store.swift */ = {isa = PBXFileReference; fileEncoding = 4; lastKnownFileType = sourcecode.swift; path = Store.swift; sourceTree = "<group>"; };
		EF4BC938284887F0007DA6FF /* EmojiMemoryGame.swift */ = {isa = PBXFileReference; fileEncoding = 4; lastKnownFileType = sourcecode.swift; path = EmojiMemoryGame.swift; sourceTree = "<group>"; };
		EF4BC93B2848880B007DA6FF /* AspectVGrid.swift */ = {isa = PBXFileReference; fileEncoding = 4; lastKnownFileType = sourcecode.swift; path = AspectVGrid.swift; sourceTree = "<group>"; };
		EF4BC93C2848880B007DA6FF /* ThemeChooserView.swift */ = {isa = PBXFileReference; fileEncoding = 4; lastKnownFileType = sourcecode.swift; path = ThemeChooserView.swift; sourceTree = "<group>"; };
		EF4BC93D2848880B007DA6FF /* ThemeEditor.swift */ = {isa = PBXFileReference; fileEncoding = 4; lastKnownFileType = sourcecode.swift; path = ThemeEditor.swift; sourceTree = "<group>"; };
		EF4BC94128488831007DA6FF /* MemoryGameView.swift */ = {isa = PBXFileReference; fileEncoding = 4; lastKnownFileType = sourcecode.swift; path = MemoryGameView.swift; sourceTree = "<group>"; };
/* End PBXFileReference section */

/* Begin PBXFrameworksBuildPhase section */
		EF4BC91328488776007DA6FF /* Frameworks */ = {
			isa = PBXFrameworksBuildPhase;
			buildActionMask = 2147483647;
			files = (
			);
			runOnlyForDeploymentPostprocessing = 0;
		};
/* End PBXFrameworksBuildPhase section */

/* Begin PBXGroup section */
		EF4BC90D28488776007DA6FF = {
			isa = PBXGroup;
			children = (
				EF4BC91828488776007DA6FF /* ThemesMemorize */,
				EF4BC91728488776007DA6FF /* Products */,
			);
			sourceTree = "<group>";
		};
		EF4BC91728488776007DA6FF /* Products */ = {
			isa = PBXGroup;
			children = (
				EF4BC91628488776007DA6FF /* ThemesMemorize.app */,
			);
			name = Products;
			sourceTree = "<group>";
		};
		EF4BC91828488776007DA6FF /* ThemesMemorize */ = {
			isa = PBXGroup;
			children = (
				EF4BC936284887E3007DA6FF /* View */,
				EF4BC935284887DC007DA6FF /* ViewModel */,
				EF4BC930284887BE007DA6FF /* Model */,
				EF4BC927284887A4007DA6FF /* Utilities */,
				EF4BC91D28488777007DA6FF /* Assets.xcassets */,
				EF4BC91F28488777007DA6FF /* Preview Content */,
			);
			path = ThemesMemorize;
			sourceTree = "<group>";
		};
		EF4BC91F28488777007DA6FF /* Preview Content */ = {
			isa = PBXGroup;
			children = (
				EF4BC92028488777007DA6FF /* Preview Assets.xcassets */,
			);
			path = "Preview Content";
			sourceTree = "<group>";
		};
		EF4BC927284887A4007DA6FF /* Utilities */ = {
			isa = PBXGroup;
			children = (
				EF4BC92A284887B5007DA6FF /* ColorExtensions.swift */,
				EF4BC928284887B5007DA6FF /* UIConstants.swift */,
				EF4BC929284887B5007DA6FF /* UtilityExtensions.swift */,
				EF4BC92B284887B5007DA6FF /* ViewExtensions.swift */,
			);
			path = Utilities;
			sourceTree = "<group>";
		};
		EF4BC930284887BE007DA6FF /* Model */ = {
			isa = PBXGroup;
			children = (
				EF4BC932284887CB007DA6FF /* GameTheme.swift */,
				EF4BC931284887CB007DA6FF /* MemoryGame.swift */,
			);
			path = Model;
			sourceTree = "<group>";
		};
		EF4BC935284887DC007DA6FF /* ViewModel */ = {
			isa = PBXGroup;
			children = (
				EF4BC938284887F0007DA6FF /* EmojiMemoryGame.swift */,
				EF4BC937284887F0007DA6FF /* Store.swift */,
			);
			path = ViewModel;
			sourceTree = "<group>";
		};
		EF4BC936284887E3007DA6FF /* View */ = {
			isa = PBXGroup;
			children = (
				EF4BC93B2848880B007DA6FF /* AspectVGrid.swift */,
				EF4BC94128488831007DA6FF /* MemoryGameView.swift */,
				EF4BC91928488776007DA6FF /* ThemesMemorizeApp.swift */,
				EF4BC93C2848880B007DA6FF /* ThemeChooserView.swift */,
				EF4BC93D2848880B007DA6FF /* ThemeEditor.swift */,
			);
			path = View;
			sourceTree = "<group>";
		};
/* End PBXGroup section */

/* Begin PBXNativeTarget section */
		EF4BC91528488776007DA6FF /* ThemesMemorize */ = {
			isa = PBXNativeTarget;
			buildConfigurationList = EF4BC92428488777007DA6FF /* Build configuration list for PBXNativeTarget "ThemesMemorize" */;
			buildPhases = (
				EF4BC91228488776007DA6FF /* Sources */,
				EF4BC91328488776007DA6FF /* Frameworks */,
				EF4BC91428488776007DA6FF /* Resources */,
			);
			buildRules = (
			);
			dependencies = (
			);
			name = ThemesMemorize;
			productName = ThemesMemorize;
			productReference = EF4BC91628488776007DA6FF /* ThemesMemorize.app */;
			productType = "com.apple.product-type.application";
		};
/* End PBXNativeTarget section */

/* Begin PBXProject section */
		EF4BC90E28488776007DA6FF /* Project object */ = {
			isa = PBXProject;
			attributes = {
				BuildIndependentTargetsInParallel = 1;
				LastSwiftUpdateCheck = 1340;
				LastUpgradeCheck = 1340;
				TargetAttributes = {
					EF4BC91528488776007DA6FF = {
						CreatedOnToolsVersion = 13.4;
					};
				};
			};
			buildConfigurationList = EF4BC91128488776007DA6FF /* Build configuration list for PBXProject "ThemesMemorize" */;
			compatibilityVersion = "Xcode 13.0";
			developmentRegion = en;
			hasScannedForEncodings = 0;
			knownRegions = (
				en,
				Base,
			);
			mainGroup = EF4BC90D28488776007DA6FF;
			productRefGroup = EF4BC91728488776007DA6FF /* Products */;
			projectDirPath = "";
			projectRoot = "";
			targets = (
				EF4BC91528488776007DA6FF /* ThemesMemorize */,
			);
		};
/* End PBXProject section */

/* Begin PBXResourcesBuildPhase section */
		EF4BC91428488776007DA6FF /* Resources */ = {
			isa = PBXResourcesBuildPhase;
			buildActionMask = 2147483647;
			files = (
				EF4BC92128488777007DA6FF /* Preview Assets.xcassets in Resources */,
				EF4BC91E28488777007DA6FF /* Assets.xcassets in Resources */,
			);
			runOnlyForDeploymentPostprocessing = 0;
		};
/* End PBXResourcesBuildPhase section */

/* Begin PBXSourcesBuildPhase section */
		EF4BC91228488776007DA6FF /* Sources */ = {
			isa = PBXSourcesBuildPhase;
			buildActionMask = 2147483647;
			files = (
				EF4BC9402848880B007DA6FF /* ThemeEditor.swift in Sources */,
				EF4BC92E284887B5007DA6FF /* ColorExtensions.swift in Sources */,
				EF4BC91A28488776007DA6FF /* ThemesMemorizeApp.swift in Sources */,
				EF4BC939284887F0007DA6FF /* Store.swift in Sources */,
				EF4BC93E2848880B007DA6FF /* AspectVGrid.swift in Sources */,
				EF4BC92D284887B5007DA6FF /* UtilityExtensions.swift in Sources */,
				EF4BC92F284887B5007DA6FF /* ViewExtensions.swift in Sources */,
				EF4BC92C284887B5007DA6FF /* UIConstants.swift in Sources */,
				EF4BC94228488831007DA6FF /* MemoryGameView.swift in Sources */,
				EF4BC933284887CB007DA6FF /* MemoryGame.swift in Sources */,
				EF4BC934284887CB007DA6FF /* GameTheme.swift in Sources */,
				EF4BC93F2848880B007DA6FF /* ThemeChooserView.swift in Sources */,
				EF4BC93A284887F0007DA6FF /* EmojiMemoryGame.swift in Sources */,
			);
			runOnlyForDeploymentPostprocessing = 0;
		};
/* End PBXSourcesBuildPhase section */

/* Begin XCBuildConfiguration section */
		EF4BC92228488777007DA6FF /* Debug */ = {
			isa = XCBuildConfiguration;
			buildSettings = {
				ALWAYS_SEARCH_USER_PATHS = NO;
				CLANG_ANALYZER_NONNULL = YES;
				CLANG_ANALYZER_NUMBER_OBJECT_CONVERSION = YES_AGGRESSIVE;
				CLANG_CXX_LANGUAGE_STANDARD = "gnu++17";
				CLANG_ENABLE_MODULES = YES;
				CLANG_ENABLE_OBJC_ARC = YES;
				CLANG_ENABLE_OBJC_WEAK = YES;
				CLANG_WARN_BLOCK_CAPTURE_AUTORELEASING = YES;
				CLANG_WARN_BOOL_CONVERSION = YES;
				CLANG_WARN_COMMA = YES;
				CLANG_WARN_CONSTANT_CONVERSION = YES;
				CLANG_WARN_DEPRECATED_OBJC_IMPLEMENTATIONS = YES;
				CLANG_WARN_DIRECT_OBJC_ISA_USAGE = YES_ERROR;
				CLANG_WARN_DOCUMENTATION_COMMENTS = YES;
				CLANG_WARN_EMPTY_BODY = YES;
				CLANG_WARN_ENUM_CONVERSION = YES;
				CLANG_WARN_INFINITE_RECURSION = YES;
				CLANG_WARN_INT_CONVERSION = YES;
				CLANG_WARN_NON_LITERAL_NULL_CONVERSION = YES;
				CLANG_WARN_OBJC_IMPLICIT_RETAIN_SELF = YES;
				CLANG_WARN_OBJC_LITERAL_CONVERSION = YES;
				CLANG_WARN_OBJC_ROOT_CLASS = YES_ERROR;
				CLANG_WARN_QUOTED_INCLUDE_IN_FRAMEWORK_HEADER = YES;
				CLANG_WARN_RANGE_LOOP_ANALYSIS = YES;
				CLANG_WARN_STRICT_PROTOTYPES = YES;
				CLANG_WARN_SUSPICIOUS_MOVE = YES;
				CLANG_WARN_UNGUARDED_AVAILABILITY = YES_AGGRESSIVE;
				CLANG_WARN_UNREACHABLE_CODE = YES;
				CLANG_WARN__DUPLICATE_METHOD_MATCH = YES;
				COPY_PHASE_STRIP = NO;
				DEBUG_INFORMATION_FORMAT = dwarf;
				ENABLE_STRICT_OBJC_MSGSEND = YES;
				ENABLE_TESTABILITY = YES;
				GCC_C_LANGUAGE_STANDARD = gnu11;
				GCC_DYNAMIC_NO_PIC = NO;
				GCC_NO_COMMON_BLOCKS = YES;
				GCC_OPTIMIZATION_LEVEL = 0;
				GCC_PREPROCESSOR_DEFINITIONS = (
					"DEBUG=1",
					"$(inherited)",
				);
				GCC_WARN_64_TO_32_BIT_CONVERSION = YES;
				GCC_WARN_ABOUT_RETURN_TYPE = YES_ERROR;
				GCC_WARN_UNDECLARED_SELECTOR = YES;
				GCC_WARN_UNINITIALIZED_AUTOS = YES_AGGRESSIVE;
				GCC_WARN_UNUSED_FUNCTION = YES;
				GCC_WARN_UNUSED_VARIABLE = YES;
				IPHONEOS_DEPLOYMENT_TARGET = 15.5;
				MTL_ENABLE_DEBUG_INFO = INCLUDE_SOURCE;
				MTL_FAST_MATH = YES;
				ONLY_ACTIVE_ARCH = YES;
				SDKROOT = iphoneos;
				SWIFT_ACTIVE_COMPILATION_CONDITIONS = DEBUG;
				SWIFT_OPTIMIZATION_LEVEL = "-Onone";
			};
			name = Debug;
		};
		EF4BC92328488777007DA6FF /* Release */ = {
			isa = XCBuildConfiguration;
			buildSettings = {
				ALWAYS_SEARCH_USER_PATHS = NO;
				CLANG_ANALYZER_NONNULL = YES;
				CLANG_ANALYZER_NUMBER_OBJECT_CONVERSION = YES_AGGRESSIVE;
				CLANG_CXX_LANGUAGE_STANDARD = "gnu++17";
				CLANG_ENABLE_MODULES = YES;
				CLANG_ENABLE_OBJC_ARC = YES;
				CLANG_ENABLE_OBJC_WEAK = YES;
				CLANG_WARN_BLOCK_CAPTURE_AUTORELEASING = YES;
				CLANG_WARN_BOOL_CONVERSION = YES;
				CLANG_WARN_COMMA = YES;
				CLANG_WARN_CONSTANT_CONVERSION = YES;
				CLANG_WARN_DEPRECATED_OBJC_IMPLEMENTATIONS = YES;
				CLANG_WARN_DIRECT_OBJC_ISA_USAGE = YES_ERROR;
				CLANG_WARN_DOCUMENTATION_COMMENTS = YES;
				CLANG_WARN_EMPTY_BODY = YES;
				CLANG_WARN_ENUM_CONVERSION = YES;
				CLANG_WARN_INFINITE_RECURSION = YES;
				CLANG_WARN_INT_CONVERSION = YES;
				CLANG_WARN_NON_LITERAL_NULL_CONVERSION = YES;
				CLANG_WARN_OBJC_IMPLICIT_RETAIN_SELF = YES;
				CLANG_WARN_OBJC_LITERAL_CONVERSION = YES;
				CLANG_WARN_OBJC_ROOT_CLASS = YES_ERROR;
				CLANG_WARN_QUOTED_INCLUDE_IN_FRAMEWORK_HEADER = YES;
				CLANG_WARN_RANGE_LOOP_ANALYSIS = YES;
				CLANG_WARN_STRICT_PROTOTYPES = YES;
				CLANG_WARN_SUSPICIOUS_MOVE = YES;
				CLANG_WARN_UNGUARDED_AVAILABILITY = YES_AGGRESSIVE;
				CLANG_WARN_UNREACHABLE_CODE = YES;
				CLANG_WARN__DUPLICATE_METHOD_MATCH = YES;
				COPY_PHASE_STRIP = NO;
				DEBUG_INFORMATION_FORMAT = "dwarf-with-dsym";
				ENABLE_NS_ASSERTIONS = NO;
				ENABLE_STRICT_OBJC_MSGSEND = YES;
				GCC_C_LANGUAGE_STANDARD = gnu11;
				GCC_NO_COMMON_BLOCKS = YES;
				GCC_WARN_64_TO_32_BIT_CONVERSION = YES;
				GCC_WARN_ABOUT_RETURN_TYPE = YES_ERROR;
				GCC_WARN_UNDECLARED_SELECTOR = YES;
				GCC_WARN_UNINITIALIZED_AUTOS = YES_AGGRESSIVE;
				GCC_WARN_UNUSED_FUNCTION = YES;
				GCC_WARN_UNUSED_VARIABLE = YES;
				IPHONEOS_DEPLOYMENT_TARGET = 15.5;
				MTL_ENABLE_DEBUG_INFO = NO;
				MTL_FAST_MATH = YES;
				SDKROOT = iphoneos;
				SWIFT_COMPILATION_MODE = wholemodule;
				SWIFT_OPTIMIZATION_LEVEL = "-O";
				VALIDATE_PRODUCT = YES;
			};
			name = Release;
		};
		EF4BC92528488777007DA6FF /* Debug */ = {
			isa = XCBuildConfiguration;
			buildSettings = {
				ASSETCATALOG_COMPILER_APPICON_NAME = AppIcon;
				ASSETCATALOG_COMPILER_GLOBAL_ACCENT_COLOR_NAME = AccentColor;
				CODE_SIGN_STYLE = Automatic;
				CURRENT_PROJECT_VERSION = 1;
				DEVELOPMENT_ASSET_PATHS = "\"ThemesMemorize/Preview Content\"";
				DEVELOPMENT_TEAM = N4F7RVH5TU;
				ENABLE_PREVIEWS = YES;
				GENERATE_INFOPLIST_FILE = YES;
				INFOPLIST_KEY_UIApplicationSceneManifest_Generation = YES;
				INFOPLIST_KEY_UIApplicationSupportsIndirectInputEvents = YES;
				INFOPLIST_KEY_UILaunchScreen_Generation = YES;
				INFOPLIST_KEY_UISupportedInterfaceOrientations_iPad = "UIInterfaceOrientationPortrait UIInterfaceOrientationPortraitUpsideDown UIInterfaceOrientationLandscapeLeft UIInterfaceOrientationLandscapeRight";
				INFOPLIST_KEY_UISupportedInterfaceOrientations_iPhone = "UIInterfaceOrientationPortrait UIInterfaceOrientationLandscapeLeft UIInterfaceOrientationLandscapeRight";
				IPHONEOS_DEPLOYMENT_TARGET = 14.0;
				LD_RUNPATH_SEARCH_PATHS = (
					"$(inherited)",
					"@executable_path/Frameworks",
				);
				MARKETING_VERSION = 1.0;
				PRODUCT_BUNDLE_IDENTIFIER = ksurikova.ThemesMemorize;
				PRODUCT_NAME = "$(TARGET_NAME)";
				SWIFT_EMIT_LOC_STRINGS = YES;
				SWIFT_VERSION = 5.0;
				TARGETED_DEVICE_FAMILY = "1,2";
			};
			name = Debug;
		};
		EF4BC92628488777007DA6FF /* Release */ = {
			isa = XCBuildConfiguration;
			buildSettings = {
				ASSETCATALOG_COMPILER_APPICON_NAME = AppIcon;
				ASSETCATALOG_COMPILER_GLOBAL_ACCENT_COLOR_NAME = AccentColor;
				CODE_SIGN_STYLE = Automatic;
				CURRENT_PROJECT_VERSION = 1;
				DEVELOPMENT_ASSET_PATHS = "\"ThemesMemorize/Preview Content\"";
				DEVELOPMENT_TEAM = N4F7RVH5TU;
				ENABLE_PREVIEWS = YES;
				GENERATE_INFOPLIST_FILE = YES;
				INFOPLIST_KEY_UIApplicationSceneManifest_Generation = YES;
				INFOPLIST_KEY_UIApplicationSupportsIndirectInputEvents = YES;
				INFOPLIST_KEY_UILaunchScreen_Generation = YES;
				INFOPLIST_KEY_UISupportedInterfaceOrientations_iPad = "UIInterfaceOrientationPortrait UIInterfaceOrientationPortraitUpsideDown UIInterfaceOrientationLandscapeLeft UIInterfaceOrientationLandscapeRight";
				INFOPLIST_KEY_UISupportedInterfaceOrientations_iPhone = "UIInterfaceOrientationPortrait UIInterfaceOrientationLandscapeLeft UIInterfaceOrientationLandscapeRight";
				IPHONEOS_DEPLOYMENT_TARGET = 14.0;
				LD_RUNPATH_SEARCH_PATHS = (
					"$(inherited)",
					"@executable_path/Frameworks",
				);
				MARKETING_VERSION = 1.0;
				PRODUCT_BUNDLE_IDENTIFIER = ksurikova.ThemesMemorize;
				PRODUCT_NAME = "$(TARGET_NAME)";
				SWIFT_EMIT_LOC_STRINGS = YES;
				SWIFT_VERSION = 5.0;
				TARGETED_DEVICE_FAMILY = "1,2";
			};
			name = Release;
		};
/* End XCBuildConfiguration section */

/* Begin XCConfigurationList section */
		EF4BC91128488776007DA6FF /* Build configuration list for PBXProject "ThemesMemorize" */ = {
			isa = XCConfigurationList;
			buildConfigurations = (
				EF4BC92228488777007DA6FF /* Debug */,
				EF4BC92328488777007DA6FF /* Release */,
			);
			defaultConfigurationIsVisible = 0;
			defaultConfigurationName = Release;
		};
		EF4BC92428488777007DA6FF /* Build configuration list for PBXNativeTarget "ThemesMemorize" */ = {
			isa = XCConfigurationList;
			buildConfigurations = (
				EF4BC92528488777007DA6FF /* Debug */,
				EF4BC92628488777007DA6FF /* Release */,
			);
			defaultConfigurationIsVisible = 0;
			defaultConfigurationName = Release;
		};
/* End XCConfigurationList section */
	};
	rootObject = EF4BC90E28488776007DA6FF /* Project object */;
}
